
Microsoft Visual Studio Solution File, Format Version 12.00
# Visual Studio 15
VisualStudioVersion = 15.0.28010.2041
MinimumVisualStudioVersion = 10.0.40219.1
Project("{FAE04EC0-301F-11D3-BF4B-00C04F79EFBC}") = "stringTask2", "stringTask2\stringTask2.csproj", "{3E202B43-A6A0-42F3-9C32-453D760253D9}"
EndProject
Global
	GlobalSection(SolutionConfigurationPlatforms) = preSolution
		Debug|Any CPU = Debug|Any CPU
		Release|Any CPU = Release|Any CPU
	EndGlobalSection
	GlobalSection(ProjectConfigurationPlatforms) = postSolution
		{3E202B43-A6A0-42F3-9C32-453D760253D9}.Debug|Any CPU.ActiveCfg = Debug|Any CPU
		{3E202B43-A6A0-42F3-9C32-453D760253D9}.Debug|Any CPU.Build.0 = Debug|Any CPU
		{3E202B43-A6A0-42F3-9C32-453D760253D9}.Release|Any CPU.ActiveCfg = Release|Any CPU
		{3E202B43-A6A0-42F3-9C32-453D760253D9}.Release|Any CPU.Build.0 = Release|Any CPU
	EndGlobalSection
	GlobalSection(SolutionProperties) = preSolution
		HideSolutionNode = FALSE
	EndGlobalSection
	GlobalSection(ExtensibilityGlobals) = postSolution
		SolutionGuid = {52489E38-37D5-424E-9F38-093F1130C359}
	EndGlobalSection
EndGlobal
