
Microsoft Visual Studio Solution File, Format Version 12.00
# Visual Studio 15
VisualStudioVersion = 15.0.28010.2041
MinimumVisualStudioVersion = 10.0.40219.1
Project("{FAE04EC0-301F-11D3-BF4B-00C04F79EFBC}") = "loopTask4.1", "loopTask4.1\loopTask4.1.csproj", "{B41C41E9-9FAE-4BB7-822A-4C688ABB7DE4}"
EndProject
Global
	GlobalSection(SolutionConfigurationPlatforms) = preSolution
		Debug|Any CPU = Debug|Any CPU
		Release|Any CPU = Release|Any CPU
	EndGlobalSection
	GlobalSection(ProjectConfigurationPlatforms) = postSolution
		{B41C41E9-9FAE-4BB7-822A-4C688ABB7DE4}.Debug|Any CPU.ActiveCfg = Debug|Any CPU
		{B41C41E9-9FAE-4BB7-822A-4C688ABB7DE4}.Debug|Any CPU.Build.0 = Debug|Any CPU
		{B41C41E9-9FAE-4BB7-822A-4C688ABB7DE4}.Release|Any CPU.ActiveCfg = Release|Any CPU
		{B41C41E9-9FAE-4BB7-822A-4C688ABB7DE4}.Release|Any CPU.Build.0 = Release|Any CPU
	EndGlobalSection
	GlobalSection(SolutionProperties) = preSolution
		HideSolutionNode = FALSE
	EndGlobalSection
	GlobalSection(ExtensibilityGlobals) = postSolution
		SolutionGuid = {75D81437-DB34-43D8-A2A7-236EC8EEB1A2}
	EndGlobalSection
EndGlobal
