
Microsoft Visual Studio Solution File, Format Version 12.00
# Visual Studio 15
VisualStudioVersion = 15.0.28010.2041
MinimumVisualStudioVersion = 10.0.40219.1
Project("{FAE04EC0-301F-11D3-BF4B-00C04F79EFBC}") = "LoopTask3.4", "LoopTask3.4\LoopTask3.4.csproj", "{DB1BFCA1-640A-4B7F-A500-A8C56C38362A}"
EndProject
Global
	GlobalSection(SolutionConfigurationPlatforms) = preSolution
		Debug|Any CPU = Debug|Any CPU
		Release|Any CPU = Release|Any CPU
	EndGlobalSection
	GlobalSection(ProjectConfigurationPlatforms) = postSolution
		{DB1BFCA1-640A-4B7F-A500-A8C56C38362A}.Debug|Any CPU.ActiveCfg = Debug|Any CPU
		{DB1BFCA1-640A-4B7F-A500-A8C56C38362A}.Debug|Any CPU.Build.0 = Debug|Any CPU
		{DB1BFCA1-640A-4B7F-A500-A8C56C38362A}.Release|Any CPU.ActiveCfg = Release|Any CPU
		{DB1BFCA1-640A-4B7F-A500-A8C56C38362A}.Release|Any CPU.Build.0 = Release|Any CPU
	EndGlobalSection
	GlobalSection(SolutionProperties) = preSolution
		HideSolutionNode = FALSE
	EndGlobalSection
	GlobalSection(ExtensibilityGlobals) = postSolution
		SolutionGuid = {0904326E-8555-4A85-971A-DCB76913AA26}
	EndGlobalSection
EndGlobal
