
Microsoft Visual Studio Solution File, Format Version 12.00
# Visual Studio 15
VisualStudioVersion = 15.0.28010.2019
MinimumVisualStudioVersion = 10.0.40219.1
Project("{FAE04EC0-301F-11D3-BF4B-00C04F79EFBC}") = "while_task1", "while_task1\while_task1.csproj", "{F1CEACEB-2DB9-4764-9A19-C50A839D160F}"
EndProject
Global
	GlobalSection(SolutionConfigurationPlatforms) = preSolution
		Debug|Any CPU = Debug|Any CPU
		Release|Any CPU = Release|Any CPU
	EndGlobalSection
	GlobalSection(ProjectConfigurationPlatforms) = postSolution
		{F1CEACEB-2DB9-4764-9A19-C50A839D160F}.Debug|Any CPU.ActiveCfg = Debug|Any CPU
		{F1CEACEB-2DB9-4764-9A19-C50A839D160F}.Debug|Any CPU.Build.0 = Debug|Any CPU
		{F1CEACEB-2DB9-4764-9A19-C50A839D160F}.Release|Any CPU.ActiveCfg = Release|Any CPU
		{F1CEACEB-2DB9-4764-9A19-C50A839D160F}.Release|Any CPU.Build.0 = Release|Any CPU
	EndGlobalSection
	GlobalSection(SolutionProperties) = preSolution
		HideSolutionNode = FALSE
	EndGlobalSection
	GlobalSection(ExtensibilityGlobals) = postSolution
		SolutionGuid = {85950271-DFEF-42E1-9F8A-49C3308887D8}
	EndGlobalSection
EndGlobal
