
Microsoft Visual Studio Solution File, Format Version 12.00
# Visual Studio 15
VisualStudioVersion = 15.0.28010.2041
MinimumVisualStudioVersion = 10.0.40219.1
Project("{FAE04EC0-301F-11D3-BF4B-00C04F79EFBC}") = "ArrayExample1", "ArrayExample1\ArrayExample1.csproj", "{4B7BAFF6-2CDA-4B3B-A3B4-3FFAFD3590CD}"
EndProject
Global
	GlobalSection(SolutionConfigurationPlatforms) = preSolution
		Debug|Any CPU = Debug|Any CPU
		Release|Any CPU = Release|Any CPU
	EndGlobalSection
	GlobalSection(ProjectConfigurationPlatforms) = postSolution
		{4B7BAFF6-2CDA-4B3B-A3B4-3FFAFD3590CD}.Debug|Any CPU.ActiveCfg = Debug|Any CPU
		{4B7BAFF6-2CDA-4B3B-A3B4-3FFAFD3590CD}.Debug|Any CPU.Build.0 = Debug|Any CPU
		{4B7BAFF6-2CDA-4B3B-A3B4-3FFAFD3590CD}.Release|Any CPU.ActiveCfg = Release|Any CPU
		{4B7BAFF6-2CDA-4B3B-A3B4-3FFAFD3590CD}.Release|Any CPU.Build.0 = Release|Any CPU
	EndGlobalSection
	GlobalSection(SolutionProperties) = preSolution
		HideSolutionNode = FALSE
	EndGlobalSection
	GlobalSection(ExtensibilityGlobals) = postSolution
		SolutionGuid = {96BD6ADE-6B1E-4A5C-8BA0-6B91691AA0DA}
	EndGlobalSection
EndGlobal
