
Microsoft Visual Studio Solution File, Format Version 12.00
# Visual Studio 15
VisualStudioVersion = 15.0.28010.2019
MinimumVisualStudioVersion = 10.0.40219.1
Project("{FAE04EC0-301F-11D3-BF4B-00C04F79EFBC}") = "WhileTask2", "WhileTask2\WhileTask2.csproj", "{1FBD43C7-631A-4970-B5AC-4523CFDB3FDE}"
EndProject
Global
	GlobalSection(SolutionConfigurationPlatforms) = preSolution
		Debug|Any CPU = Debug|Any CPU
		Release|Any CPU = Release|Any CPU
	EndGlobalSection
	GlobalSection(ProjectConfigurationPlatforms) = postSolution
		{1FBD43C7-631A-4970-B5AC-4523CFDB3FDE}.Debug|Any CPU.ActiveCfg = Debug|Any CPU
		{1FBD43C7-631A-4970-B5AC-4523CFDB3FDE}.Debug|Any CPU.Build.0 = Debug|Any CPU
		{1FBD43C7-631A-4970-B5AC-4523CFDB3FDE}.Release|Any CPU.ActiveCfg = Release|Any CPU
		{1FBD43C7-631A-4970-B5AC-4523CFDB3FDE}.Release|Any CPU.Build.0 = Release|Any CPU
	EndGlobalSection
	GlobalSection(SolutionProperties) = preSolution
		HideSolutionNode = FALSE
	EndGlobalSection
	GlobalSection(ExtensibilityGlobals) = postSolution
		SolutionGuid = {A53016B1-957B-4E61-BCBD-F45133F5500D}
	EndGlobalSection
EndGlobal
