
Microsoft Visual Studio Solution File, Format Version 12.00
# Visual Studio 15
VisualStudioVersion = 15.0.28010.2041
MinimumVisualStudioVersion = 10.0.40219.1
Project("{FAE04EC0-301F-11D3-BF4B-00C04F79EFBC}") = "stringTask4.1", "stringTask4.1\stringTask4.1.csproj", "{387EEE41-5030-46EA-BE72-456548707367}"
EndProject
Global
	GlobalSection(SolutionConfigurationPlatforms) = preSolution
		Debug|Any CPU = Debug|Any CPU
		Release|Any CPU = Release|Any CPU
	EndGlobalSection
	GlobalSection(ProjectConfigurationPlatforms) = postSolution
		{387EEE41-5030-46EA-BE72-456548707367}.Debug|Any CPU.ActiveCfg = Debug|Any CPU
		{387EEE41-5030-46EA-BE72-456548707367}.Debug|Any CPU.Build.0 = Debug|Any CPU
		{387EEE41-5030-46EA-BE72-456548707367}.Release|Any CPU.ActiveCfg = Release|Any CPU
		{387EEE41-5030-46EA-BE72-456548707367}.Release|Any CPU.Build.0 = Release|Any CPU
	EndGlobalSection
	GlobalSection(SolutionProperties) = preSolution
		HideSolutionNode = FALSE
	EndGlobalSection
	GlobalSection(ExtensibilityGlobals) = postSolution
		SolutionGuid = {51C3469B-BC76-4389-B4EF-D8417CA4282A}
	EndGlobalSection
EndGlobal
