
Microsoft Visual Studio Solution File, Format Version 12.00
# Visual Studio 15
VisualStudioVersion = 15.0.28010.2041
MinimumVisualStudioVersion = 10.0.40219.1
Project("{FAE04EC0-301F-11D3-BF4B-00C04F79EFBC}") = "Self-evaluationTask3", "Self-evaluationTask3\Self-evaluationTask3.csproj", "{70576F02-CDA2-470E-9E1D-70241D8A5E04}"
EndProject
Global
	GlobalSection(SolutionConfigurationPlatforms) = preSolution
		Debug|Any CPU = Debug|Any CPU
		Release|Any CPU = Release|Any CPU
	EndGlobalSection
	GlobalSection(ProjectConfigurationPlatforms) = postSolution
		{70576F02-CDA2-470E-9E1D-70241D8A5E04}.Debug|Any CPU.ActiveCfg = Debug|Any CPU
		{70576F02-CDA2-470E-9E1D-70241D8A5E04}.Debug|Any CPU.Build.0 = Debug|Any CPU
		{70576F02-CDA2-470E-9E1D-70241D8A5E04}.Release|Any CPU.ActiveCfg = Release|Any CPU
		{70576F02-CDA2-470E-9E1D-70241D8A5E04}.Release|Any CPU.Build.0 = Release|Any CPU
	EndGlobalSection
	GlobalSection(SolutionProperties) = preSolution
		HideSolutionNode = FALSE
	EndGlobalSection
	GlobalSection(ExtensibilityGlobals) = postSolution
		SolutionGuid = {63EB831D-8398-4941-AF2B-E652DD984284}
	EndGlobalSection
EndGlobal
