
Microsoft Visual Studio Solution File, Format Version 12.00
# Visual Studio 15
VisualStudioVersion = 15.0.28010.2041
MinimumVisualStudioVersion = 10.0.40219.1
Project("{FAE04EC0-301F-11D3-BF4B-00C04F79EFBC}") = "loopTask4.3", "loopTask4.3\loopTask4.3.csproj", "{00567EF4-B339-43FF-9E8B-209D7C4C1AD1}"
EndProject
Global
	GlobalSection(SolutionConfigurationPlatforms) = preSolution
		Debug|Any CPU = Debug|Any CPU
		Release|Any CPU = Release|Any CPU
	EndGlobalSection
	GlobalSection(ProjectConfigurationPlatforms) = postSolution
		{00567EF4-B339-43FF-9E8B-209D7C4C1AD1}.Debug|Any CPU.ActiveCfg = Debug|Any CPU
		{00567EF4-B339-43FF-9E8B-209D7C4C1AD1}.Debug|Any CPU.Build.0 = Debug|Any CPU
		{00567EF4-B339-43FF-9E8B-209D7C4C1AD1}.Release|Any CPU.ActiveCfg = Release|Any CPU
		{00567EF4-B339-43FF-9E8B-209D7C4C1AD1}.Release|Any CPU.Build.0 = Release|Any CPU
	EndGlobalSection
	GlobalSection(SolutionProperties) = preSolution
		HideSolutionNode = FALSE
	EndGlobalSection
	GlobalSection(ExtensibilityGlobals) = postSolution
		SolutionGuid = {10FB628B-24E3-4C62-B3F5-7AB7B7065ECB}
	EndGlobalSection
EndGlobal
