
Microsoft Visual Studio Solution File, Format Version 12.00
# Visual Studio 15
VisualStudioVersion = 15.0.28010.2041
MinimumVisualStudioVersion = 10.0.40219.1
Project("{FAE04EC0-301F-11D3-BF4B-00C04F79EFBC}") = "Looptask4.2", "Looptask4.2\Looptask4.2.csproj", "{DD090197-4048-4202-A120-B17D407FA040}"
EndProject
Global
	GlobalSection(SolutionConfigurationPlatforms) = preSolution
		Debug|Any CPU = Debug|Any CPU
		Release|Any CPU = Release|Any CPU
	EndGlobalSection
	GlobalSection(ProjectConfigurationPlatforms) = postSolution
		{DD090197-4048-4202-A120-B17D407FA040}.Debug|Any CPU.ActiveCfg = Debug|Any CPU
		{DD090197-4048-4202-A120-B17D407FA040}.Debug|Any CPU.Build.0 = Debug|Any CPU
		{DD090197-4048-4202-A120-B17D407FA040}.Release|Any CPU.ActiveCfg = Release|Any CPU
		{DD090197-4048-4202-A120-B17D407FA040}.Release|Any CPU.Build.0 = Release|Any CPU
	EndGlobalSection
	GlobalSection(SolutionProperties) = preSolution
		HideSolutionNode = FALSE
	EndGlobalSection
	GlobalSection(ExtensibilityGlobals) = postSolution
		SolutionGuid = {35FEAE54-2DF8-4195-8850-CEB8B1E2677D}
	EndGlobalSection
EndGlobal
