
Microsoft Visual Studio Solution File, Format Version 12.00
# Visual Studio 15
VisualStudioVersion = 15.0.28010.2041
MinimumVisualStudioVersion = 10.0.40219.1
Project("{FAE04EC0-301F-11D3-BF4B-00C04F79EFBC}") = "LoopTask3.2", "LoopTask3.2\LoopTask3.2.csproj", "{221E1D8E-2F06-46F9-8D85-CC86046125C4}"
EndProject
Global
	GlobalSection(SolutionConfigurationPlatforms) = preSolution
		Debug|Any CPU = Debug|Any CPU
		Release|Any CPU = Release|Any CPU
	EndGlobalSection
	GlobalSection(ProjectConfigurationPlatforms) = postSolution
		{221E1D8E-2F06-46F9-8D85-CC86046125C4}.Debug|Any CPU.ActiveCfg = Debug|Any CPU
		{221E1D8E-2F06-46F9-8D85-CC86046125C4}.Debug|Any CPU.Build.0 = Debug|Any CPU
		{221E1D8E-2F06-46F9-8D85-CC86046125C4}.Release|Any CPU.ActiveCfg = Release|Any CPU
		{221E1D8E-2F06-46F9-8D85-CC86046125C4}.Release|Any CPU.Build.0 = Release|Any CPU
	EndGlobalSection
	GlobalSection(SolutionProperties) = preSolution
		HideSolutionNode = FALSE
	EndGlobalSection
	GlobalSection(ExtensibilityGlobals) = postSolution
		SolutionGuid = {4F33B546-4B50-49B5-8F40-B25B509739C4}
	EndGlobalSection
EndGlobal
